
Microsoft Visual Studio Solution File, Format Version 12.00
# Visual Studio Version 17
VisualStudioVersion = 17.10.35122.118
MinimumVisualStudioVersion = 10.0.40219.1
Project("{FAE04EC0-301F-11D3-BF4B-00C04F79EFBC}") = "01_MainSubjects", "01_MainSubjects\01_MainSubjects.csproj", "{81CE1A4A-7B72-43B5-9816-304F738185F8}"
EndProject
Project("{FAE04EC0-301F-11D3-BF4B-00C04F79EFBC}") = "02_Variables", "02_Variables\02_Variables.csproj", "{BC86A815-07BF-4B8B-8B79-96AA0B4F6429}"
EndProject
Project("{FAE04EC0-301F-11D3-BF4B-00C04F79EFBC}") = "03_MakingDecision", "03_MakingDecision\03_MakingDecision.csproj", "{C1ACAB36-E6CB-4D31-BAEB-AA96FB8F8DEC}"
EndProject
Global
	GlobalSection(SolutionConfigurationPlatforms) = preSolution
		Debug|Any CPU = Debug|Any CPU
		Release|Any CPU = Release|Any CPU
	EndGlobalSection
	GlobalSection(ProjectConfigurationPlatforms) = postSolution
		{81CE1A4A-7B72-43B5-9816-304F738185F8}.Debug|Any CPU.ActiveCfg = Debug|Any CPU
		{81CE1A4A-7B72-43B5-9816-304F738185F8}.Debug|Any CPU.Build.0 = Debug|Any CPU
		{81CE1A4A-7B72-43B5-9816-304F738185F8}.Release|Any CPU.ActiveCfg = Release|Any CPU
		{81CE1A4A-7B72-43B5-9816-304F738185F8}.Release|Any CPU.Build.0 = Release|Any CPU
		{BC86A815-07BF-4B8B-8B79-96AA0B4F6429}.Debug|Any CPU.ActiveCfg = Debug|Any CPU
		{BC86A815-07BF-4B8B-8B79-96AA0B4F6429}.Debug|Any CPU.Build.0 = Debug|Any CPU
		{BC86A815-07BF-4B8B-8B79-96AA0B4F6429}.Release|Any CPU.ActiveCfg = Release|Any CPU
		{BC86A815-07BF-4B8B-8B79-96AA0B4F6429}.Release|Any CPU.Build.0 = Release|Any CPU
		{C1ACAB36-E6CB-4D31-BAEB-AA96FB8F8DEC}.Debug|Any CPU.ActiveCfg = Debug|Any CPU
		{C1ACAB36-E6CB-4D31-BAEB-AA96FB8F8DEC}.Debug|Any CPU.Build.0 = Debug|Any CPU
		{C1ACAB36-E6CB-4D31-BAEB-AA96FB8F8DEC}.Release|Any CPU.ActiveCfg = Release|Any CPU
		{C1ACAB36-E6CB-4D31-BAEB-AA96FB8F8DEC}.Release|Any CPU.Build.0 = Release|Any CPU
	EndGlobalSection
	GlobalSection(SolutionProperties) = preSolution
		HideSolutionNode = FALSE
	EndGlobalSection
	GlobalSection(ExtensibilityGlobals) = postSolution
		SolutionGuid = {D11A9DE0-62F6-4430-A314-F7A4A81E7A7E}
	EndGlobalSection
EndGlobal
